
Microsoft Visual Studio Solution File, Format Version 12.00
# Visual Studio Version 17
VisualStudioVersion = 17.2.32519.379
MinimumVisualStudioVersion = 10.0.40219.1
Project("{2150E333-8FDC-42A3-9474-1A3956D46DE8}") = "DemoMoq", "DemoMoq", "{6339C64C-1B23-4487-803F-7F56ECFE2796}"
EndProject
Project("{9A19103F-16F7-4668-BE54-9A1E7A4F7556}") = "DemoMoqTesting", "DemoMoqTesting\DemoMoqTesting.csproj", "{F7597E09-8A4F-4CF7-8B28-5A296E03B562}"
EndProject
Project("{2150E333-8FDC-42A3-9474-1A3956D46DE8}") = "PatternCQRS", "PatternCQRS", "{6A93869E-3B9D-48A0-9BFC-031B29613AE0}"
EndProject
Project("{9A19103F-16F7-4668-BE54-9A1E7A4F7556}") = "PatternCQRS", "PatternCQRS\PatternCQRS.csproj", "{35312EBC-2822-41AC-ACA2-762D9BAE5BA0}"
EndProject
Project("{2150E333-8FDC-42A3-9474-1A3956D46DE8}") = "DemoDecorator", "DemoDecorator", "{D9FB8A51-A57E-47B7-ACE0-57F04A0764C4}"
EndProject
Project("{FAE04EC0-301F-11D3-BF4B-00C04F79EFBC}") = "DemoDecorator", "DemoDecorator\DemoDecorator.csproj", "{151B8E12-8EF5-4980-AAA4-78E1DEFC3B54}"
EndProject
Global
	GlobalSection(SolutionConfigurationPlatforms) = preSolution
		Debug|Any CPU = Debug|Any CPU
		Release|Any CPU = Release|Any CPU
	EndGlobalSection
	GlobalSection(ProjectConfigurationPlatforms) = postSolution
		{F7597E09-8A4F-4CF7-8B28-5A296E03B562}.Debug|Any CPU.ActiveCfg = Debug|Any CPU
		{F7597E09-8A4F-4CF7-8B28-5A296E03B562}.Debug|Any CPU.Build.0 = Debug|Any CPU
		{F7597E09-8A4F-4CF7-8B28-5A296E03B562}.Release|Any CPU.ActiveCfg = Release|Any CPU
		{F7597E09-8A4F-4CF7-8B28-5A296E03B562}.Release|Any CPU.Build.0 = Release|Any CPU
		{35312EBC-2822-41AC-ACA2-762D9BAE5BA0}.Debug|Any CPU.ActiveCfg = Debug|Any CPU
		{35312EBC-2822-41AC-ACA2-762D9BAE5BA0}.Debug|Any CPU.Build.0 = Debug|Any CPU
		{35312EBC-2822-41AC-ACA2-762D9BAE5BA0}.Release|Any CPU.ActiveCfg = Release|Any CPU
		{35312EBC-2822-41AC-ACA2-762D9BAE5BA0}.Release|Any CPU.Build.0 = Release|Any CPU
		{151B8E12-8EF5-4980-AAA4-78E1DEFC3B54}.Debug|Any CPU.ActiveCfg = Debug|Any CPU
		{151B8E12-8EF5-4980-AAA4-78E1DEFC3B54}.Debug|Any CPU.Build.0 = Debug|Any CPU
		{151B8E12-8EF5-4980-AAA4-78E1DEFC3B54}.Release|Any CPU.ActiveCfg = Release|Any CPU
		{151B8E12-8EF5-4980-AAA4-78E1DEFC3B54}.Release|Any CPU.Build.0 = Release|Any CPU
	EndGlobalSection
	GlobalSection(SolutionProperties) = preSolution
		HideSolutionNode = FALSE
	EndGlobalSection
	GlobalSection(NestedProjects) = preSolution
		{F7597E09-8A4F-4CF7-8B28-5A296E03B562} = {6339C64C-1B23-4487-803F-7F56ECFE2796}
		{35312EBC-2822-41AC-ACA2-762D9BAE5BA0} = {6A93869E-3B9D-48A0-9BFC-031B29613AE0}
		{151B8E12-8EF5-4980-AAA4-78E1DEFC3B54} = {D9FB8A51-A57E-47B7-ACE0-57F04A0764C4}
	EndGlobalSection
	GlobalSection(ExtensibilityGlobals) = postSolution
		SolutionGuid = {E4054E71-AF4A-433C-9AFB-EBA2A87102F4}
	EndGlobalSection
EndGlobal
