
Microsoft Visual Studio Solution File, Format Version 12.00
# Visual Studio Version 17
VisualStudioVersion = 17.2.32519.379
MinimumVisualStudioVersion = 10.0.40219.1
Project("{2150E333-8FDC-42A3-9474-1A3956D46DE8}") = "DemoScrutor", "DemoScrutor", "{2438B58F-BD18-4EA4-9B9D-8A59E08B921F}"
EndProject
Project("{9A19103F-16F7-4668-BE54-9A1E7A4F7556}") = "DemoScrutor", "DemoScrutor\DemoScrutor.csproj", "{F11C5E3A-124B-4E65-B35E-DA146BE038F1}"
EndProject
Project("{2150E333-8FDC-42A3-9474-1A3956D46DE8}") = "DemoAutoFac", "DemoAutoFac", "{EC7EC30B-9D12-4295-859D-F3D222D9F557}"
EndProject
Project("{9A19103F-16F7-4668-BE54-9A1E7A4F7556}") = "DemoAutoFac", "DemoAutoFac\DemoAutoFac.csproj", "{35F64E32-0187-42F8-9007-A7EFD096B26B}"
EndProject
Project("{2150E333-8FDC-42A3-9474-1A3956D46DE8}") = "DemoMemoryCache", "DemoMemoryCache", "{F3D135B7-E05D-4F40-9388-4DF283FD3164}"
EndProject
Project("{9A19103F-16F7-4668-BE54-9A1E7A4F7556}") = "DemoMemoryCache", "DemoMemoryCache\DemoMemoryCache.csproj", "{2B034AB5-FA61-4AF8-AE3C-C1A7C9F2698E}"
EndProject
Project("{2150E333-8FDC-42A3-9474-1A3956D46DE8}") = "DemoElasticSearch", "DemoElasticSearch", "{E6D32AB5-DA76-475E-BA8E-552632B0C56C}"
EndProject
Project("{9A19103F-16F7-4668-BE54-9A1E7A4F7556}") = "DemoElasticSearch", "DemoElasticSearch\DemoElasticSearch.csproj", "{261A89DD-5B97-44D8-8D04-1CBE544E6201}"
EndProject
Project("{2150E333-8FDC-42A3-9474-1A3956D46DE8}") = "DemoSerilog", "DemoSerilog", "{7B28426E-4454-40FD-9CE0-246B1F80D89E}"
EndProject
Project("{FAE04EC0-301F-11D3-BF4B-00C04F79EFBC}") = "DemoSerilog", "DemoSerilog\DemoSerilog.csproj", "{86B43291-0349-4F8F-A311-85E05364BECD}"
EndProject
Project("{2150E333-8FDC-42A3-9474-1A3956D46DE8}") = "DemoELK", "DemoELK", "{A30420E0-55CB-458E-B9D1-52E92C1A1CB6}"
EndProject
Project("{FAE04EC0-301F-11D3-BF4B-00C04F79EFBC}") = "DemoELK", "DemoELK\DemoELK.csproj", "{F964CCD2-C136-48AE-8485-6C672919C1C7}"
EndProject
Global
	GlobalSection(SolutionConfigurationPlatforms) = preSolution
		Debug|Any CPU = Debug|Any CPU
		Release|Any CPU = Release|Any CPU
	EndGlobalSection
	GlobalSection(ProjectConfigurationPlatforms) = postSolution
		{F11C5E3A-124B-4E65-B35E-DA146BE038F1}.Debug|Any CPU.ActiveCfg = Debug|Any CPU
		{F11C5E3A-124B-4E65-B35E-DA146BE038F1}.Debug|Any CPU.Build.0 = Debug|Any CPU
		{F11C5E3A-124B-4E65-B35E-DA146BE038F1}.Release|Any CPU.ActiveCfg = Release|Any CPU
		{F11C5E3A-124B-4E65-B35E-DA146BE038F1}.Release|Any CPU.Build.0 = Release|Any CPU
		{35F64E32-0187-42F8-9007-A7EFD096B26B}.Debug|Any CPU.ActiveCfg = Debug|Any CPU
		{35F64E32-0187-42F8-9007-A7EFD096B26B}.Debug|Any CPU.Build.0 = Debug|Any CPU
		{35F64E32-0187-42F8-9007-A7EFD096B26B}.Release|Any CPU.ActiveCfg = Release|Any CPU
		{35F64E32-0187-42F8-9007-A7EFD096B26B}.Release|Any CPU.Build.0 = Release|Any CPU
		{2B034AB5-FA61-4AF8-AE3C-C1A7C9F2698E}.Debug|Any CPU.ActiveCfg = Debug|Any CPU
		{2B034AB5-FA61-4AF8-AE3C-C1A7C9F2698E}.Debug|Any CPU.Build.0 = Debug|Any CPU
		{2B034AB5-FA61-4AF8-AE3C-C1A7C9F2698E}.Release|Any CPU.ActiveCfg = Release|Any CPU
		{2B034AB5-FA61-4AF8-AE3C-C1A7C9F2698E}.Release|Any CPU.Build.0 = Release|Any CPU
		{261A89DD-5B97-44D8-8D04-1CBE544E6201}.Debug|Any CPU.ActiveCfg = Debug|Any CPU
		{261A89DD-5B97-44D8-8D04-1CBE544E6201}.Debug|Any CPU.Build.0 = Debug|Any CPU
		{261A89DD-5B97-44D8-8D04-1CBE544E6201}.Release|Any CPU.ActiveCfg = Release|Any CPU
		{261A89DD-5B97-44D8-8D04-1CBE544E6201}.Release|Any CPU.Build.0 = Release|Any CPU
		{86B43291-0349-4F8F-A311-85E05364BECD}.Debug|Any CPU.ActiveCfg = Debug|Any CPU
		{86B43291-0349-4F8F-A311-85E05364BECD}.Debug|Any CPU.Build.0 = Debug|Any CPU
		{86B43291-0349-4F8F-A311-85E05364BECD}.Release|Any CPU.ActiveCfg = Release|Any CPU
		{86B43291-0349-4F8F-A311-85E05364BECD}.Release|Any CPU.Build.0 = Release|Any CPU
		{F964CCD2-C136-48AE-8485-6C672919C1C7}.Debug|Any CPU.ActiveCfg = Debug|Any CPU
		{F964CCD2-C136-48AE-8485-6C672919C1C7}.Debug|Any CPU.Build.0 = Debug|Any CPU
		{F964CCD2-C136-48AE-8485-6C672919C1C7}.Release|Any CPU.ActiveCfg = Release|Any CPU
		{F964CCD2-C136-48AE-8485-6C672919C1C7}.Release|Any CPU.Build.0 = Release|Any CPU
	EndGlobalSection
	GlobalSection(SolutionProperties) = preSolution
		HideSolutionNode = FALSE
	EndGlobalSection
	GlobalSection(NestedProjects) = preSolution
		{F11C5E3A-124B-4E65-B35E-DA146BE038F1} = {2438B58F-BD18-4EA4-9B9D-8A59E08B921F}
		{35F64E32-0187-42F8-9007-A7EFD096B26B} = {EC7EC30B-9D12-4295-859D-F3D222D9F557}
		{2B034AB5-FA61-4AF8-AE3C-C1A7C9F2698E} = {F3D135B7-E05D-4F40-9388-4DF283FD3164}
		{261A89DD-5B97-44D8-8D04-1CBE544E6201} = {E6D32AB5-DA76-475E-BA8E-552632B0C56C}
		{86B43291-0349-4F8F-A311-85E05364BECD} = {7B28426E-4454-40FD-9CE0-246B1F80D89E}
		{F964CCD2-C136-48AE-8485-6C672919C1C7} = {A30420E0-55CB-458E-B9D1-52E92C1A1CB6}
	EndGlobalSection
	GlobalSection(ExtensibilityGlobals) = postSolution
		SolutionGuid = {E4054E71-AF4A-433C-9AFB-EBA2A87102F4}
	EndGlobalSection
EndGlobal
